{
    "name": "maishu-markdonw-doc",
    "version": "1.0.0",
    "lockfileVersion": 1,
    "requires": true,
    "dependencies": {
        "@types/marked": {
            "version": "1.1.0",
            "resolved": "https://registry.npmjs.org/@types/marked/-/marked-1.1.0.tgz",
            "integrity": "sha512-j8XXj6/l9kFvCwMyVqozznqpd/nk80krrW+QiIJN60Uu9gX5Pvn4/qPJ2YngQrR3QREPwmrE1f9/EWKVTFzoEw==",
            "dev": true
        },
        "js-tokens": {
            "version": "4.0.0",
            "resolved": "https://registry.npmjs.org/js-tokens/-/js-tokens-4.0.0.tgz",
            "integrity": "sha512-RdJUflcE3cUzKiMqQgsCu06FPu9UdIJO0beYbPhHN4k6apgJtifcoCtT9bcxOpYBtpD2kCM6Sbzg4CausW/PKQ=="
        },
        "loose-envify": {
            "version": "1.4.0",
            "resolved": "https://registry.npmjs.org/loose-envify/-/loose-envify-1.4.0.tgz",
            "integrity": "sha512-lyuxPGr/Wfhrlem2CL/UcnUc1zcqKAImBDzukY7Y5F/yQiNdko6+fRLevlw1HgMySw7f611UIY408EtxRSoK3Q==",
            "requires": {
                "js-tokens": "^3.0.0 || ^4.0.0"
            }
        },
        "maishu-chitu": {
            "version": "3.27.0",
            "resolved": "https://registry.npmjs.org/maishu-chitu/-/maishu-chitu-3.27.0.tgz",
            "integrity": "sha512-Nbl0g3caJIqMFDn06gga7w3C6doJu9rHSqBv4WLOP4A2jK7ipTAPpHZcOK5JjZp00gZRdZsH3ScUv8M15P6SjA==",
            "requires": {
                "maishu-chitu-service": "^1.7.0"
            }
        },
        "maishu-chitu-react": {
            "version": "1.27.0",
            "resolved": "https://registry.npmjs.org/maishu-chitu-react/-/maishu-chitu-react-1.27.0.tgz",
            "integrity": "sha512-HRh7rrvM7Iz+yykTrIzNowAl4OZgRewObsCXkvEBd/92K4WaGR3abRXofFhmzjHFc2vxoVXYVvtu1I7RpGvK5w==",
            "requires": {
                "maishu-chitu": "^3.6.4",
                "maishu-chitu-service": "^1.1.16",
                "react": "^16.8.2",
                "react-dom": "^16.8.2"
            }
        },
        "maishu-chitu-service": {
            "version": "1.21.0",
            "resolved": "https://registry.npmjs.org/maishu-chitu-service/-/maishu-chitu-service-1.21.0.tgz",
            "integrity": "sha512-El8vy3EOdfM7NkYohkgoqoNJD4waK+Kh1m4LL4LjUHlzEI7g11xsaEgoNF+fOe96J5M1NRjVG1EfY9aEHV0DLw==",
            "requires": {
                "maishu-toolkit": "^1.1.4",
                "node-fetch": "^2.6.0"
            }
        },
        "maishu-toolkit": {
            "version": "1.4.14",
            "resolved": "https://registry.npmjs.org/maishu-toolkit/-/maishu-toolkit-1.4.14.tgz",
            "integrity": "sha512-dPlnHFcEGfyAbjBIIR4s5m5OxjrGrTaJxaQJHamF/Y9hH2JBePuYWFQRsXBTomOYIGRZ+IamDnmW8/W+Xw8fCg=="
        },
        "marked": {
            "version": "1.1.0",
            "resolved": "https://registry.npmjs.org/marked/-/marked-1.1.0.tgz",
            "integrity": "sha512-EkE7RW6KcXfMHy2PA7Jg0YJE1l8UPEZE8k45tylzmZM30/r1M1MUXWQfJlrSbsTeh7m/XTwHbWUENvAJZpp1YA=="
        },
        "node-fetch": {
            "version": "2.6.0",
            "resolved": "https://registry.npmjs.org/node-fetch/-/node-fetch-2.6.0.tgz",
            "integrity": "sha512-8dG4H5ujfvFiqDmVu9fQ5bOHUC15JMjMY/Zumv26oOvvVJjM67KF8koCWIabKQ1GJIa9r2mMZscBq/TbdOcmNA=="
        },
        "object-assign": {
            "version": "4.1.1",
            "resolved": "https://registry.npmjs.org/object-assign/-/object-assign-4.1.1.tgz",
            "integrity": "sha1-IQmtx5ZYh8/AXLvUQsrIv7s2CGM="
        },
        "prop-types": {
            "version": "15.7.2",
            "resolved": "https://registry.npmjs.org/prop-types/-/prop-types-15.7.2.tgz",
            "integrity": "sha512-8QQikdH7//R2vurIJSutZ1smHYTcLpRWEOlHnzcWHmBYrOGUysKwSsrC89BCiFj3CbrfJ/nXFdJepOVrY1GCHQ==",
            "requires": {
                "loose-envify": "^1.4.0",
                "object-assign": "^4.1.1",
                "react-is": "^16.8.1"
            }
        },
        "react": {
            "version": "16.13.1",
            "resolved": "https://registry.npmjs.org/react/-/react-16.13.1.tgz",
            "integrity": "sha512-YMZQQq32xHLX0bz5Mnibv1/LHb3Sqzngu7xstSM+vrkE5Kzr9xE0yMByK5kMoTK30YVJE61WfbxIFFvfeDKT1w==",
            "requires": {
                "loose-envify": "^1.1.0",
                "object-assign": "^4.1.1",
                "prop-types": "^15.6.2"
            }
        },
        "react-dom": {
            "version": "16.13.1",
            "resolved": "https://registry.npmjs.org/react-dom/-/react-dom-16.13.1.tgz",
            "integrity": "sha512-81PIMmVLnCNLO/fFOQxdQkvEq/+Hfpv24XNJfpyZhTRfO0QcmQIF/PgCa1zCOj2w1hrn12MFLyaJ/G0+Mxtfag==",
            "requires": {
                "loose-envify": "^1.1.0",
                "object-assign": "^4.1.1",
                "prop-types": "^15.6.2",
                "scheduler": "^0.19.1"
            }
        },
        "react-is": {
            "version": "16.13.1",
            "resolved": "https://registry.npmjs.org/react-is/-/react-is-16.13.1.tgz",
            "integrity": "sha512-24e6ynE2H+OKt4kqsOvNd8kBpV65zoxbA4BVsEOB3ARVWQki/DHzaUoC5KuON/BiccDaCCTZBuOcfZs70kR8bQ=="
        },
        "scheduler": {
            "version": "0.19.1",
            "resolved": "https://registry.npmjs.org/scheduler/-/scheduler-0.19.1.tgz",
            "integrity": "sha512-n/zwRWRYSUj0/3g/otKDRPMh6qv2SYMWNq85IEa8iZyAv8od9zDYpGSnpBEjNgcMNq6Scbu5KfIPxNF72R/2EA==",
            "requires": {
                "loose-envify": "^1.1.0",
                "object-assign": "^4.1.1"
            }
        }
    }
}
